
Microsoft Visual Studio Solution File, Format Version 12.00
# Visual Studio Version 16
VisualStudioVersion = 16.0.31702.278
MinimumVisualStudioVersion = 10.0.40219.1
Project("{FAE04EC0-301F-11D3-BF4B-00C04F79EFBC}") = "AHua_Pass3", "AHua_Pass3\AHua_Pass3.csproj", "{05906DFD-A4C0-4F35-9BA4-48C184BE8ED8}"
EndProject
Global
	GlobalSection(SolutionConfigurationPlatforms) = preSolution
		Debug|Any CPU = Debug|Any CPU
		Release|Any CPU = Release|Any CPU
	EndGlobalSection
	GlobalSection(ProjectConfigurationPlatforms) = postSolution
		{05906DFD-A4C0-4F35-9BA4-48C184BE8ED8}.Debug|Any CPU.ActiveCfg = Debug|Any CPU
		{05906DFD-A4C0-4F35-9BA4-48C184BE8ED8}.Debug|Any CPU.Build.0 = Debug|Any CPU
		{05906DFD-A4C0-4F35-9BA4-48C184BE8ED8}.Release|Any CPU.ActiveCfg = Release|Any CPU
		{05906DFD-A4C0-4F35-9BA4-48C184BE8ED8}.Release|Any CPU.Build.0 = Release|Any CPU
	EndGlobalSection
	GlobalSection(SolutionProperties) = preSolution
		HideSolutionNode = FALSE
	EndGlobalSection
	GlobalSection(ExtensibilityGlobals) = postSolution
		SolutionGuid = {7412887D-0FDA-48B5-A58B-9ECAA01EE160}
	EndGlobalSection
EndGlobal
